{
	archiveVersion = 1;
	classes = {
	};
	objectVersion = 26;
	objects = {
		089C1669FE841209C02AAC07 = {
			isa = PBXProject;
			knownPlatforms = (
			);
			mainGroup = 089C166AFE841209C02AAC07;
			projectDirPath = .;
			targets = (
				089C1673FE841209C02AAC07,
			);
		};
		089C166AFE841209C02AAC07 = {
			children = (
				08FB77ADFE841716C02AAC07,
				089C167CFE841241C02AAC07,
				089C1671FE841209C02AAC07,
				19C28FB4FE9D528D11CA2CBB,
			);
			isa = PBXGroup;
			name = CarbonBundle;
			refType = 4;
		};
		089C1671FE841209C02AAC07 = {
			children = (
				08EA7FFBFE8413EDC02AAC07,
			);
			isa = PBXGroup;
			name = "External Frameworks and Libraries";
			refType = 4;
		};
		089C1673FE841209C02AAC07 = {
			buildPhases = (
				089C1674FE841209C02AAC07,
				089C1675FE841209C02AAC07,
				089C1676FE841209C02AAC07,
				089C1677FE841209C02AAC07,
				089C1679FE841209C02AAC07,
			);
			buildSettings = {
				OPTIMIZATION_CFLAGS = "";
				OTHER_CFLAGS = "";
				OTHER_LDFLAGS = "";
				OTHER_REZFLAGS = "";
				SECTORDER_FLAGS = "";
				WARNING_CFLAGS = "-Wmost -Wno-four-char-constants -Wno-unknown-pragmas";
				WRAPPER_EXTENSION = bundle;
			};
			conditionalBuildSettings = {
			};
			dependencies = (
			);
			isa = PBXBundleTarget;
			name = Test;
			productInstallPath = "$(HOME)/Library/Bundles";
			productName = Test;
			productReference = 19C28FB5FE9D528D11CA2CBB;
			productSettings = {
				CFBundleDevelopmentRegion = English;
				CFBundleExecutable = Test;
				CFBundleIconFile = "";
				CFBundleIdentifier = "";
				CFBundleInfoDictionaryVersion = 6.0;
				CFBundlePackageType = BNDL;
				CFBundleSignature = "????";
				CFBundleVersion = 0.0.1d1;
			};
			shouldUseHeadermap = 1;
		};
		089C1674FE841209C02AAC07 = {
			buildActionMask = 2147483647;
			files = (
			);
			isa = PBXHeadersBuildPhase;
			name = Headers;
		};
		089C1675FE841209C02AAC07 = {
			buildActionMask = 2147483647;
			files = (
				089C1680FE841241C02AAC07,
			);
			isa = PBXResourcesBuildPhase;
			name = "Bundle Resources";
		};
		089C1676FE841209C02AAC07 = {
			buildActionMask = 2147483647;
			files = (
				08FB77B3FE8417CDC02AAC07,
			);
			isa = PBXSourcesBuildPhase;
			name = Sources;
		};
		089C1677FE841209C02AAC07 = {
			buildActionMask = 2147483647;
			files = (
				08EA7FFCFE8413EDC02AAC07,
			);
			isa = PBXFrameworksBuildPhase;
			name = "Frameworks & Libraries";
		};
		089C1679FE841209C02AAC07 = {
			buildActionMask = 2147483647;
			files = (
			);
			isa = PBXRezBuildPhase;
			name = "ResourceManager Resources";
		};
		089C167CFE841241C02AAC07 = {
			children = (
				089C167DFE841241C02AAC07,
			);
			isa = PBXGroup;
			name = Resources;
			refType = 4;
		};
		089C167DFE841241C02AAC07 = {
			children = (
				089C167EFE841241C02AAC07,
			);
			isa = PBXVariantGroup;
			name = InfoPlist.strings;
			refType = 4;
		};
		089C167EFE841241C02AAC07 = {
			isa = PBXFileReference;
			name = English;
			path = English.lproj/InfoPlist.strings;
			refType = 4;
		};
		089C1680FE841241C02AAC07 = {
			fileRef = 089C167DFE841241C02AAC07;
			isa = PBXBuildFile;
			settings = {
				INCLUDED_OSS = (
					MACOS,
					WINDOWS,
					PDOUNIX,
				);
			};
		};
		08EA7FFBFE8413EDC02AAC07 = {
			isa = PBXFrameworkReference;
			name = Carbon.framework;
			path = /System/Library/Frameworks/Carbon.framework;
			refType = 0;
		};
		08EA7FFCFE8413EDC02AAC07 = {
			fileRef = 08EA7FFBFE8413EDC02AAC07;
			isa = PBXBuildFile;
			settings = {
				INCLUDED_OSS = (
					MACOS,
					WINDOWS,
					PDOUNIX,
				);
			};
		};
		08FB77ADFE841716C02AAC07 = {
			children = (
				08FB77B2FE8417CDC02AAC07,
			);
			isa = PBXGroup;
			name = Source;
			refType = 4;
		};
		08FB77B2FE8417CDC02AAC07 = {
			isa = PBXFileReference;
			path = main.c;
			refType = 4;
		};
		08FB77B3FE8417CDC02AAC07 = {
			fileRef = 08FB77B2FE8417CDC02AAC07;
			isa = PBXBuildFile;
			settings = {
				ATTRIBUTES = (
					Debug,
				);
				INCLUDED_OSS = (
					MACOS,
					WINDOWS,
					PDOUNIX,
				);
			};
		};
		19C28FB4FE9D528D11CA2CBB = {
			children = (
				19C28FB5FE9D528D11CA2CBB,
			);
			isa = PBXGroup;
			name = Products;
			refType = 4;
		};
		19C28FB5FE9D528D11CA2CBB = {
			isa = PBXFileReference;
			path = Test.bundle;
			refType = 3;
		};
	};
	rootObject = 089C1669FE841209C02AAC07;
}
